
Microsoft Visual Studio Solution File, Format Version 12.00
# Visual Studio 2013
VisualStudioVersion = 12.0.0.0
MinimumVisualStudioVersion = 10.0.0.1
Project("{FAE04EC0-301F-11D3-BF4B-00C04F79EFBC}") = "TvHelper.Mvc", "TvHelper.Mvc\TvHelper.Mvc.csproj", "{B95C9519-7744-4884-BC42-9390EB6C72EC}"
EndProject
Project("{FAE04EC0-301F-11D3-BF4B-00C04F79EFBC}") = "TvHelper.Test", "TvHelper.Test\TvHelper.Test.csproj", "{310959B8-9B43-4B8A-913A-275DC887CA57}"
EndProject
Project("{FAE04EC0-301F-11D3-BF4B-00C04F79EFBC}") = "TvHelper.Main", "TvHelper.Main\TvHelper.Main.csproj", "{7B8E6808-6743-4B3E-A32D-5A8FAEAD086C}"
EndProject
Project("{FAE04EC0-301F-11D3-BF4B-00C04F79EFBC}") = "TvHelper.Domain", "TvHelper.Domain\TvHelper.Domain.csproj", "{8FBFD957-E5AB-424C-8857-F19CF2CD47FA}"
EndProject
Global
	GlobalSection(SolutionConfigurationPlatforms) = preSolution
		Debug|Any CPU = Debug|Any CPU
		Release|Any CPU = Release|Any CPU
	EndGlobalSection
	GlobalSection(ProjectConfigurationPlatforms) = postSolution
		{B95C9519-7744-4884-BC42-9390EB6C72EC}.Debug|Any CPU.ActiveCfg = Debug|Any CPU
		{B95C9519-7744-4884-BC42-9390EB6C72EC}.Debug|Any CPU.Build.0 = Debug|Any CPU
		{B95C9519-7744-4884-BC42-9390EB6C72EC}.Release|Any CPU.ActiveCfg = Release|Any CPU
		{B95C9519-7744-4884-BC42-9390EB6C72EC}.Release|Any CPU.Build.0 = Release|Any CPU
		{310959B8-9B43-4B8A-913A-275DC887CA57}.Debug|Any CPU.ActiveCfg = Debug|Any CPU
		{310959B8-9B43-4B8A-913A-275DC887CA57}.Debug|Any CPU.Build.0 = Debug|Any CPU
		{310959B8-9B43-4B8A-913A-275DC887CA57}.Release|Any CPU.ActiveCfg = Release|Any CPU
		{310959B8-9B43-4B8A-913A-275DC887CA57}.Release|Any CPU.Build.0 = Release|Any CPU
		{7B8E6808-6743-4B3E-A32D-5A8FAEAD086C}.Debug|Any CPU.ActiveCfg = Debug|Any CPU
		{7B8E6808-6743-4B3E-A32D-5A8FAEAD086C}.Debug|Any CPU.Build.0 = Debug|Any CPU
		{7B8E6808-6743-4B3E-A32D-5A8FAEAD086C}.Release|Any CPU.ActiveCfg = Release|Any CPU
		{7B8E6808-6743-4B3E-A32D-5A8FAEAD086C}.Release|Any CPU.Build.0 = Release|Any CPU
		{8FBFD957-E5AB-424C-8857-F19CF2CD47FA}.Debug|Any CPU.ActiveCfg = Debug|Any CPU
		{8FBFD957-E5AB-424C-8857-F19CF2CD47FA}.Debug|Any CPU.Build.0 = Debug|Any CPU
		{8FBFD957-E5AB-424C-8857-F19CF2CD47FA}.Release|Any CPU.ActiveCfg = Release|Any CPU
		{8FBFD957-E5AB-424C-8857-F19CF2CD47FA}.Release|Any CPU.Build.0 = Release|Any CPU
	EndGlobalSection
	GlobalSection(SolutionProperties) = preSolution
		HideSolutionNode = FALSE
	EndGlobalSection
EndGlobal
